// !$*UTF8*$!
{
	archiveVersion = 1;
	classes = {
	};
	objectVersion = 46;
	objects = {

/* Begin PBXBuildFile section */
		200727A91D9A3C33003C4B67 /* SpUtils.swift in Sources */ = {isa = PBXBuildFile; fileRef = 200727A81D9A3C32003C4B67 /* SpUtils.swift */; };
		201CFA731CB4C1CA00F4DA6C /* AppDelegate.swift in Sources */ = {isa = PBXBuildFile; fileRef = 201CFA721CB4C1CA00F4DA6C /* AppDelegate.swift */; };
		201CFA7A1CB4C1CA00F4DA6C /* Assets.xcassets in Resources */ = {isa = PBXBuildFile; fileRef = 201CFA791CB4C1CA00F4DA6C /* Assets.xcassets */; };
		201CFA7D1CB4C1CA00F4DA6C /* LaunchScreen.storyboard in Resources */ = {isa = PBXBuildFile; fileRef = 201CFA7B1CB4C1CA00F4DA6C /* LaunchScreen.storyboard */; };
		201D8F961D4F3EAF00071C26 /* icon_show_text@2x.png in Resources */ = {isa = PBXBuildFile; fileRef = 201D8F941D4F3EAF00071C26 /* icon_show_text@2x.png */; };
		201D8F971D4F3EAF00071C26 /* icon_show_text@3x.png in Resources */ = {isa = PBXBuildFile; fileRef = 201D8F951D4F3EAF00071C26 /* icon_show_text@3x.png */; };
		201D8F991D4F427600071C26 /* SelectFoot.swift in Sources */ = {isa = PBXBuildFile; fileRef = 201D8F981D4F427600071C26 /* SelectFoot.swift */; };
		201D8F9C1D4F526100071C26 /* icon_cancel@2x.png in Resources */ = {isa = PBXBuildFile; fileRef = 201D8F9A1D4F526100071C26 /* icon_cancel@2x.png */; };
		201D8F9D1D4F526100071C26 /* icon_cancel@3x.png in Resources */ = {isa = PBXBuildFile; fileRef = 201D8F9B1D4F526100071C26 /* icon_cancel@3x.png */; };
		2032E2DD1D0EB11F00BA75AB /* UIUtils.swift in Sources */ = {isa = PBXBuildFile; fileRef = 2032E2DC1D0EB11F00BA75AB /* UIUtils.swift */; };
		2047A3B21CB66C71003CF8CD /* ViewController.swift in Sources */ = {isa = PBXBuildFile; fileRef = 2047A3B11CB66C71003CF8CD /* ViewController.swift */; };
		2047A3DB1CB66E6D003CF8CD /* BaseProtocol.swift in Sources */ = {isa = PBXBuildFile; fileRef = 2047A3BD1CB66E6D003CF8CD /* BaseProtocol.swift */; };
		2047A3DC1CB66E6D003CF8CD /* HttpConstant.swift in Sources */ = {isa = PBXBuildFile; fileRef = 2047A3BE1CB66E6D003CF8CD /* HttpConstant.swift */; };
		2047A3DD1CB66E6D003CF8CD /* WYProtocol.swift in Sources */ = {isa = PBXBuildFile; fileRef = 2047A3BF1CB66E6D003CF8CD /* WYProtocol.swift */; };
		2047A3E01CB66E6D003CF8CD /* BaseRequestBean.swift in Sources */ = {isa = PBXBuildFile; fileRef = 2047A3C31CB66E6D003CF8CD /* BaseRequestBean.swift */; };
		2047A3E11CB66E6D003CF8CD /* BaseResultBean.swift in Sources */ = {isa = PBXBuildFile; fileRef = 2047A3C41CB66E6D003CF8CD /* BaseResultBean.swift */; };
		2047A3E21CB66E6D003CF8CD /* RequestAddShopCartBean.swift in Sources */ = {isa = PBXBuildFile; fileRef = 2047A3C71CB66E6D003CF8CD /* RequestAddShopCartBean.swift */; };
		2047A3E31CB66E6D003CF8CD /* RequestCreateOrderBean.swift in Sources */ = {isa = PBXBuildFile; fileRef = 2047A3C81CB66E6D003CF8CD /* RequestCreateOrderBean.swift */; };
		2047A3E41CB66E6D003CF8CD /* RequestOrderListBean.swift in Sources */ = {isa = PBXBuildFile; fileRef = 2047A3C91CB66E6D003CF8CD /* RequestOrderListBean.swift */; };
		2047A3E51CB66E6D003CF8CD /* RequestShopCartListBean.swift in Sources */ = {isa = PBXBuildFile; fileRef = 2047A3CA1CB66E6D003CF8CD /* RequestShopCartListBean.swift */; };
		2047A3E61CB66E6D003CF8CD /* RequestStructDataBean.swift in Sources */ = {isa = PBXBuildFile; fileRef = 2047A3CB1CB66E6D003CF8CD /* RequestStructDataBean.swift */; };
		2047A3E71CB66E6D003CF8CD /* RequestUserInfoBean.swift in Sources */ = {isa = PBXBuildFile; fileRef = 2047A3CC1CB66E6D003CF8CD /* RequestUserInfoBean.swift */; };
		2047A3E81CB66E6D003CF8CD /* OrderConfigBean.swift in Sources */ = {isa = PBXBuildFile; fileRef = 2047A3CE1CB66E6D003CF8CD /* OrderConfigBean.swift */; };
		2047A3E91CB66E6D003CF8CD /* OrderListBean.swift in Sources */ = {isa = PBXBuildFile; fileRef = 2047A3CF1CB66E6D003CF8CD /* OrderListBean.swift */; };
		2047A3EA1CB66E6D003CF8CD /* ShopCartListBean.swift in Sources */ = {isa = PBXBuildFile; fileRef = 2047A3D01CB66E6D003CF8CD /* ShopCartListBean.swift */; };
		2047A3EB1CB66E6D003CF8CD /* UserInfoBean.swift in Sources */ = {isa = PBXBuildFile; fileRef = 2047A3D11CB66E6D003CF8CD /* UserInfoBean.swift */; };
		2047A3EC1CB66E6D003CF8CD /* JsonUtils.swift in Sources */ = {isa = PBXBuildFile; fileRef = 2047A3D31CB66E6D003CF8CD /* JsonUtils.swift */; };
		2047A3ED1CB66E6D003CF8CD /* ThreadUtils.swift in Sources */ = {isa = PBXBuildFile; fileRef = 2047A3D51CB66E6D003CF8CD /* ThreadUtils.swift */; };
		2047A3EE1CB66E6D003CF8CD /* TimeUtils.swift in Sources */ = {isa = PBXBuildFile; fileRef = 2047A3D61CB66E6D003CF8CD /* TimeUtils.swift */; };
		2047A3EF1CB66E6D003CF8CD /* WYSdk.swift in Sources */ = {isa = PBXBuildFile; fileRef = 2047A3D81CB66E6D003CF8CD /* WYSdk.swift */; };
		2053671D1CC0BB970010563B /* String+king.swift in Sources */ = {isa = PBXBuildFile; fileRef = 2053671C1CC0BB970010563B /* String+king.swift */; };
		205ECC781D13F9CB00C89E35 /* DialogUtils.swift in Sources */ = {isa = PBXBuildFile; fileRef = 205ECC771D13F9CB00C89E35 /* DialogUtils.swift */; };
		205FB3241D0E914E0073912E /* PrintBean.swift in Sources */ = {isa = PBXBuildFile; fileRef = 205FB3231D0E914E0073912E /* PrintBean.swift */; };
		206131891D1A455C00A1EFE7 /* LoadingView.swift in Sources */ = {isa = PBXBuildFile; fileRef = 206131881D1A455C00A1EFE7 /* LoadingView.swift */; };
		2061318B1D1A7FB700A1EFE7 /* EditTextViewController.swift in Sources */ = {isa = PBXBuildFile; fileRef = 2061318A1D1A7FB700A1EFE7 /* EditTextViewController.swift */; };
		206446561D260FE10080A45D /* BaseSdk.swift in Sources */ = {isa = PBXBuildFile; fileRef = 206446521D260FE10080A45D /* BaseSdk.swift */; };
		206446571D260FE10080A45D /* Controller.swift in Sources */ = {isa = PBXBuildFile; fileRef = 206446531D260FE10080A45D /* Controller.swift */; };
		206446581D260FE10080A45D /* ListenerDelegate.swift in Sources */ = {isa = PBXBuildFile; fileRef = 206446541D260FE10080A45D /* ListenerDelegate.swift */; };
		206446591D260FE10080A45D /* OrderController.swift in Sources */ = {isa = PBXBuildFile; fileRef = 206446551D260FE10080A45D /* OrderController.swift */; };
		206763F51D20F4790070CA02 /* SwiftyJSON.swift in Sources */ = {isa = PBXBuildFile; fileRef = 2067639E1D20F4790070CA02 /* SwiftyJSON.swift */; };
		206763F61D20F4790070CA02 /* SwiftyUserDefaults.swift in Sources */ = {isa = PBXBuildFile; fileRef = 2067639F1D20F4790070CA02 /* SwiftyUserDefaults.swift */; };
		206D1D891D18E227003E85B2 /* icon_check_white@2x.png in Resources */ = {isa = PBXBuildFile; fileRef = 206D1D871D18E227003E85B2 /* icon_check_white@2x.png */; };
		206D1D8A1D18E227003E85B2 /* icon_check_white@3x.png in Resources */ = {isa = PBXBuildFile; fileRef = 206D1D881D18E227003E85B2 /* icon_check_white@3x.png */; };
		2072FE551D530CD20003D623 /* HttpDNSBean.swift in Sources */ = {isa = PBXBuildFile; fileRef = 2072FE541D530CD20003D623 /* HttpDNSBean.swift */; };
		2072FE571D530D600003D623 /* UserController.swift in Sources */ = {isa = PBXBuildFile; fileRef = 2072FE561D530D600003D623 /* UserController.swift */; };
		207867371D0FF39B00A8B058 /* CouponActivatedBean.swift in Sources */ = {isa = PBXBuildFile; fileRef = 207867361D0FF39B00A8B058 /* CouponActivatedBean.swift */; };
		207867391D0FF42700A8B058 /* CouponBean.swift in Sources */ = {isa = PBXBuildFile; fileRef = 207867381D0FF42700A8B058 /* CouponBean.swift */; };
		2078673B1D0FFD1200A8B058 /* PayBean.swift in Sources */ = {isa = PBXBuildFile; fileRef = 2078673A1D0FFD1200A8B058 /* PayBean.swift */; };
		2078673D1D0FFDA800A8B058 /* RequestPayBean.swift in Sources */ = {isa = PBXBuildFile; fileRef = 2078673C1D0FFDA800A8B058 /* RequestPayBean.swift */; };
		2078673F1D0FFE1600A8B058 /* RequestDelShopCartBean.swift in Sources */ = {isa = PBXBuildFile; fileRef = 2078673E1D0FFE1600A8B058 /* RequestDelShopCartBean.swift */; };
		207867411D0FFE6F00A8B058 /* RequestDelOrderBean.swift in Sources */ = {isa = PBXBuildFile; fileRef = 207867401D0FFE6F00A8B058 /* RequestDelOrderBean.swift */; };
		207867431D0FFECD00A8B058 /* RequestCouponBean.swift in Sources */ = {isa = PBXBuildFile; fileRef = 207867421D0FFECD00A8B058 /* RequestCouponBean.swift */; };
		207867451D0FFF0800A8B058 /* RequestActivateCouponBean.swift in Sources */ = {isa = PBXBuildFile; fileRef = 207867441D0FFF0800A8B058 /* RequestActivateCouponBean.swift */; };
		207D31B11D4611EA0090B84D /* WeiYinDownSheet.swift in Sources */ = {isa = PBXBuildFile; fileRef = 207D31AE1D4611EA0090B84D /* WeiYinDownSheet.swift */; };
		207D31B21D4611EA0090B84D /* WeiYinDownSheetCell.swift in Sources */ = {isa = PBXBuildFile; fileRef = 207D31AF1D4611EA0090B84D /* WeiYinDownSheetCell.swift */; };
		207D31B31D4611EA0090B84D /* WeiYinDownSheetModel.swift in Sources */ = {isa = PBXBuildFile; fileRef = 207D31B01D4611EA0090B84D /* WeiYinDownSheetModel.swift */; };
		207D31B51D4613B70090B84D /* LineView.swift in Sources */ = {isa = PBXBuildFile; fileRef = 207D31B41D4613B70090B84D /* LineView.swift */; };
		20A1FCC21D17DEE8006C939A /* BookWebView.swift in Sources */ = {isa = PBXBuildFile; fileRef = 20A1FCBF1D17DEE8006C939A /* BookWebView.swift */; };
		20A1FCC31D17DEE8006C939A /* PublicWebViewController.swift in Sources */ = {isa = PBXBuildFile; fileRef = 20A1FCC01D17DEE8006C939A /* PublicWebViewController.swift */; };
		20A1FCC41D17DEE8006C939A /* WYWebView.swift in Sources */ = {isa = PBXBuildFile; fileRef = 20A1FCC11D17DEE8006C939A /* WYWebView.swift */; };
		20A1FCC81D17E047006C939A /* BaseUIViewController.swift in Sources */ = {isa = PBXBuildFile; fileRef = 20A1FCC71D17E047006C939A /* BaseUIViewController.swift */; };
		20A1FCCE1D17ECCB006C939A /* SelectDataCell.swift in Sources */ = {isa = PBXBuildFile; fileRef = 20A1FCCC1D17ECCB006C939A /* SelectDataCell.swift */; };
		20A1FCCF1D17ECCB006C939A /* SelectDataViewController.swift in Sources */ = {isa = PBXBuildFile; fileRef = 20A1FCCD1D17ECCB006C939A /* SelectDataViewController.swift */; };
		20A1FCD11D17ED47006C939A /* SelectSection.swift in Sources */ = {isa = PBXBuildFile; fileRef = 20A1FCD01D17ED47006C939A /* SelectSection.swift */; };
		20AEE5201D42271F009683C8 /* icon_tip@2x.png in Resources */ = {isa = PBXBuildFile; fileRef = 20AEE51E1D42271F009683C8 /* icon_tip@2x.png */; };
		20AEE5211D42271F009683C8 /* icon_tip@3x.png in Resources */ = {isa = PBXBuildFile; fileRef = 20AEE51F1D42271F009683C8 /* icon_tip@3x.png */; };
		20FDC6681D96600000B90435 /* AFError.swift in Sources */ = {isa = PBXBuildFile; fileRef = 20FDC6571D96600000B90435 /* AFError.swift */; };
		20FDC6691D96600000B90435 /* Alamofire.swift in Sources */ = {isa = PBXBuildFile; fileRef = 20FDC6581D96600000B90435 /* Alamofire.swift */; };
		20FDC66A1D96600000B90435 /* DispatchQueue+Alamofire.swift in Sources */ = {isa = PBXBuildFile; fileRef = 20FDC6591D96600000B90435 /* DispatchQueue+Alamofire.swift */; };
		20FDC66B1D96600000B90435 /* MultipartFormData.swift in Sources */ = {isa = PBXBuildFile; fileRef = 20FDC65A1D96600000B90435 /* MultipartFormData.swift */; };
		20FDC66C1D96600000B90435 /* NetworkReachabilityManager.swift in Sources */ = {isa = PBXBuildFile; fileRef = 20FDC65B1D96600000B90435 /* NetworkReachabilityManager.swift */; };
		20FDC66D1D96600000B90435 /* Notifications.swift in Sources */ = {isa = PBXBuildFile; fileRef = 20FDC65C1D96600000B90435 /* Notifications.swift */; };
		20FDC66E1D96600000B90435 /* ParameterEncoding.swift in Sources */ = {isa = PBXBuildFile; fileRef = 20FDC65D1D96600000B90435 /* ParameterEncoding.swift */; };
		20FDC66F1D96600000B90435 /* Request.swift in Sources */ = {isa = PBXBuildFile; fileRef = 20FDC65E1D96600000B90435 /* Request.swift */; };
		20FDC6701D96600000B90435 /* Response.swift in Sources */ = {isa = PBXBuildFile; fileRef = 20FDC65F1D96600000B90435 /* Response.swift */; };
		20FDC6711D96600000B90435 /* ResponseSerialization.swift in Sources */ = {isa = PBXBuildFile; fileRef = 20FDC6601D96600000B90435 /* ResponseSerialization.swift */; };
		20FDC6721D96600000B90435 /* Result.swift in Sources */ = {isa = PBXBuildFile; fileRef = 20FDC6611D96600000B90435 /* Result.swift */; };
		20FDC6731D96600000B90435 /* ServerTrustPolicy.swift in Sources */ = {isa = PBXBuildFile; fileRef = 20FDC6621D96600000B90435 /* ServerTrustPolicy.swift */; };
		20FDC6741D96600000B90435 /* SessionDelegate.swift in Sources */ = {isa = PBXBuildFile; fileRef = 20FDC6631D96600000B90435 /* SessionDelegate.swift */; };
		20FDC6751D96600000B90435 /* SessionManager.swift in Sources */ = {isa = PBXBuildFile; fileRef = 20FDC6641D96600000B90435 /* SessionManager.swift */; };
		20FDC6761D96600000B90435 /* TaskDelegate.swift in Sources */ = {isa = PBXBuildFile; fileRef = 20FDC6651D96600000B90435 /* TaskDelegate.swift */; };
		20FDC6771D96600000B90435 /* Timeline.swift in Sources */ = {isa = PBXBuildFile; fileRef = 20FDC6661D96600000B90435 /* Timeline.swift */; };
		20FDC6781D96600000B90435 /* Validation.swift in Sources */ = {isa = PBXBuildFile; fileRef = 20FDC6671D96600000B90435 /* Validation.swift */; };
		B61A82851BBB487123D3E61E /* Pods_wysdkdemo.framework in Frameworks */ = {isa = PBXBuildFile; fileRef = 05A08434A290A656D13BFDCB /* Pods_wysdkdemo.framework */; };
/* End PBXBuildFile section */

/* Begin PBXFileReference section */
		05A08434A290A656D13BFDCB /* Pods_wysdkdemo.framework */ = {isa = PBXFileReference; explicitFileType = wrapper.framework; includeInIndex = 0; path = Pods_wysdkdemo.framework; sourceTree = BUILT_PRODUCTS_DIR; };
		200727A81D9A3C32003C4B67 /* SpUtils.swift */ = {isa = PBXFileReference; fileEncoding = 4; lastKnownFileType = sourcecode.swift; path = SpUtils.swift; sourceTree = "<group>"; };
		201CFA6F1CB4C1CA00F4DA6C /* wysdkdemo.app */ = {isa = PBXFileReference; explicitFileType = wrapper.application; includeInIndex = 0; path = wysdkdemo.app; sourceTree = BUILT_PRODUCTS_DIR; };
		201CFA721CB4C1CA00F4DA6C /* AppDelegate.swift */ = {isa = PBXFileReference; lastKnownFileType = sourcecode.swift; path = AppDelegate.swift; sourceTree = "<group>"; };
		201CFA791CB4C1CA00F4DA6C /* Assets.xcassets */ = {isa = PBXFileReference; lastKnownFileType = folder.assetcatalog; path = Assets.xcassets; sourceTree = "<group>"; };
		201CFA7C1CB4C1CA00F4DA6C /* Base */ = {isa = PBXFileReference; lastKnownFileType = file.storyboard; name = Base; path = Base.lproj/LaunchScreen.storyboard; sourceTree = "<group>"; };
		201CFA7E1CB4C1CA00F4DA6C /* Info.plist */ = {isa = PBXFileReference; lastKnownFileType = text.plist.xml; path = Info.plist; sourceTree = "<group>"; };
		201D8F941D4F3EAF00071C26 /* icon_show_text@2x.png */ = {isa = PBXFileReference; lastKnownFileType = image.png; path = "icon_show_text@2x.png"; sourceTree = "<group>"; };
		201D8F951D4F3EAF00071C26 /* icon_show_text@3x.png */ = {isa = PBXFileReference; lastKnownFileType = image.png; path = "icon_show_text@3x.png"; sourceTree = "<group>"; };
		201D8F981D4F427600071C26 /* SelectFoot.swift */ = {isa = PBXFileReference; fileEncoding = 4; lastKnownFileType = sourcecode.swift; path = SelectFoot.swift; sourceTree = "<group>"; };
		201D8F9A1D4F526100071C26 /* icon_cancel@2x.png */ = {isa = PBXFileReference; lastKnownFileType = image.png; path = "icon_cancel@2x.png"; sourceTree = "<group>"; };
		201D8F9B1D4F526100071C26 /* icon_cancel@3x.png */ = {isa = PBXFileReference; lastKnownFileType = image.png; path = "icon_cancel@3x.png"; sourceTree = "<group>"; };
		2032E2DC1D0EB11F00BA75AB /* UIUtils.swift */ = {isa = PBXFileReference; fileEncoding = 4; lastKnownFileType = sourcecode.swift; path = UIUtils.swift; sourceTree = "<group>"; };
		2047A3B11CB66C71003CF8CD /* ViewController.swift */ = {isa = PBXFileReference; fileEncoding = 4; lastKnownFileType = sourcecode.swift; path = ViewController.swift; sourceTree = "<group>"; };
		2047A3BD1CB66E6D003CF8CD /* BaseProtocol.swift */ = {isa = PBXFileReference; fileEncoding = 4; lastKnownFileType = sourcecode.swift; path = BaseProtocol.swift; sourceTree = "<group>"; };
		2047A3BE1CB66E6D003CF8CD /* HttpConstant.swift */ = {isa = PBXFileReference; fileEncoding = 4; lastKnownFileType = sourcecode.swift; path = HttpConstant.swift; sourceTree = "<group>"; };
		2047A3BF1CB66E6D003CF8CD /* WYProtocol.swift */ = {isa = PBXFileReference; fileEncoding = 4; lastKnownFileType = sourcecode.swift; path = WYProtocol.swift; sourceTree = "<group>"; };
		2047A3C31CB66E6D003CF8CD /* BaseRequestBean.swift */ = {isa = PBXFileReference; fileEncoding = 4; lastKnownFileType = sourcecode.swift; path = BaseRequestBean.swift; sourceTree = "<group>"; };
		2047A3C41CB66E6D003CF8CD /* BaseResultBean.swift */ = {isa = PBXFileReference; fileEncoding = 4; lastKnownFileType = sourcecode.swift; path = BaseResultBean.swift; sourceTree = "<group>"; };
		2047A3C71CB66E6D003CF8CD /* RequestAddShopCartBean.swift */ = {isa = PBXFileReference; fileEncoding = 4; lastKnownFileType = sourcecode.swift; path = RequestAddShopCartBean.swift; sourceTree = "<group>"; };
		2047A3C81CB66E6D003CF8CD /* RequestCreateOrderBean.swift */ = {isa = PBXFileReference; fileEncoding = 4; lastKnownFileType = sourcecode.swift; path = RequestCreateOrderBean.swift; sourceTree = "<group>"; };
		2047A3C91CB66E6D003CF8CD /* RequestOrderListBean.swift */ = {isa = PBXFileReference; fileEncoding = 4; lastKnownFileType = sourcecode.swift; path = RequestOrderListBean.swift; sourceTree = "<group>"; };
		2047A3CA1CB66E6D003CF8CD /* RequestShopCartListBean.swift */ = {isa = PBXFileReference; fileEncoding = 4; lastKnownFileType = sourcecode.swift; path = RequestShopCartListBean.swift; sourceTree = "<group>"; };
		2047A3CB1CB66E6D003CF8CD /* RequestStructDataBean.swift */ = {isa = PBXFileReference; fileEncoding = 4; lastKnownFileType = sourcecode.swift; path = RequestStructDataBean.swift; sourceTree = "<group>"; };
		2047A3CC1CB66E6D003CF8CD /* RequestUserInfoBean.swift */ = {isa = PBXFileReference; fileEncoding = 4; lastKnownFileType = sourcecode.swift; path = RequestUserInfoBean.swift; sourceTree = "<group>"; };
		2047A3CE1CB66E6D003CF8CD /* OrderConfigBean.swift */ = {isa = PBXFileReference; fileEncoding = 4; lastKnownFileType = sourcecode.swift; path = OrderConfigBean.swift; sourceTree = "<group>"; };
		2047A3CF1CB66E6D003CF8CD /* OrderListBean.swift */ = {isa = PBXFileReference; fileEncoding = 4; lastKnownFileType = sourcecode.swift; path = OrderListBean.swift; sourceTree = "<group>"; };
		2047A3D01CB66E6D003CF8CD /* ShopCartListBean.swift */ = {isa = PBXFileReference; fileEncoding = 4; lastKnownFileType = sourcecode.swift; path = ShopCartListBean.swift; sourceTree = "<group>"; };
		2047A3D11CB66E6D003CF8CD /* UserInfoBean.swift */ = {isa = PBXFileReference; fileEncoding = 4; lastKnownFileType = sourcecode.swift; path = UserInfoBean.swift; sourceTree = "<group>"; };
		2047A3D31CB66E6D003CF8CD /* JsonUtils.swift */ = {isa = PBXFileReference; fileEncoding = 4; lastKnownFileType = sourcecode.swift; path = JsonUtils.swift; sourceTree = "<group>"; };
		2047A3D51CB66E6D003CF8CD /* ThreadUtils.swift */ = {isa = PBXFileReference; fileEncoding = 4; lastKnownFileType = sourcecode.swift; path = ThreadUtils.swift; sourceTree = "<group>"; };
		2047A3D61CB66E6D003CF8CD /* TimeUtils.swift */ = {isa = PBXFileReference; fileEncoding = 4; lastKnownFileType = sourcecode.swift; path = TimeUtils.swift; sourceTree = "<group>"; };
		2047A3D81CB66E6D003CF8CD /* WYSdk.swift */ = {isa = PBXFileReference; fileEncoding = 4; lastKnownFileType = sourcecode.swift; path = WYSdk.swift; sourceTree = "<group>"; };
		2053671C1CC0BB970010563B /* String+king.swift */ = {isa = PBXFileReference; fileEncoding = 4; lastKnownFileType = sourcecode.swift; path = "String+king.swift"; sourceTree = "<group>"; };
		205ECC761D13F8E400C89E35 /* wysdkdemo-Bridging-Header.h */ = {isa = PBXFileReference; fileEncoding = 4; lastKnownFileType = sourcecode.c.h; path = "wysdkdemo-Bridging-Header.h"; sourceTree = "<group>"; };
		205ECC771D13F9CB00C89E35 /* DialogUtils.swift */ = {isa = PBXFileReference; fileEncoding = 4; lastKnownFileType = sourcecode.swift; path = DialogUtils.swift; sourceTree = "<group>"; };
		205FB3231D0E914E0073912E /* PrintBean.swift */ = {isa = PBXFileReference; fileEncoding = 4; lastKnownFileType = sourcecode.swift; path = PrintBean.swift; sourceTree = "<group>"; };
		206131881D1A455C00A1EFE7 /* LoadingView.swift */ = {isa = PBXFileReference; fileEncoding = 4; lastKnownFileType = sourcecode.swift; path = LoadingView.swift; sourceTree = "<group>"; };
		2061318A1D1A7FB700A1EFE7 /* EditTextViewController.swift */ = {isa = PBXFileReference; fileEncoding = 4; lastKnownFileType = sourcecode.swift; path = EditTextViewController.swift; sourceTree = "<group>"; };
		206446521D260FE10080A45D /* BaseSdk.swift */ = {isa = PBXFileReference; fileEncoding = 4; lastKnownFileType = sourcecode.swift; path = BaseSdk.swift; sourceTree = "<group>"; };
		206446531D260FE10080A45D /* Controller.swift */ = {isa = PBXFileReference; fileEncoding = 4; lastKnownFileType = sourcecode.swift; path = Controller.swift; sourceTree = "<group>"; };
		206446541D260FE10080A45D /* ListenerDelegate.swift */ = {isa = PBXFileReference; fileEncoding = 4; lastKnownFileType = sourcecode.swift; path = ListenerDelegate.swift; sourceTree = "<group>"; };
		206446551D260FE10080A45D /* OrderController.swift */ = {isa = PBXFileReference; fileEncoding = 4; lastKnownFileType = sourcecode.swift; path = OrderController.swift; sourceTree = "<group>"; };
		2067639E1D20F4790070CA02 /* SwiftyJSON.swift */ = {isa = PBXFileReference; fileEncoding = 4; lastKnownFileType = sourcecode.swift; path = SwiftyJSON.swift; sourceTree = "<group>"; };
		2067639F1D20F4790070CA02 /* SwiftyUserDefaults.swift */ = {isa = PBXFileReference; fileEncoding = 4; lastKnownFileType = sourcecode.swift; path = SwiftyUserDefaults.swift; sourceTree = "<group>"; };
		206D1D871D18E227003E85B2 /* icon_check_white@2x.png */ = {isa = PBXFileReference; lastKnownFileType = image.png; path = "icon_check_white@2x.png"; sourceTree = "<group>"; };
		206D1D881D18E227003E85B2 /* icon_check_white@3x.png */ = {isa = PBXFileReference; lastKnownFileType = image.png; path = "icon_check_white@3x.png"; sourceTree = "<group>"; };
		2072FE541D530CD20003D623 /* HttpDNSBean.swift */ = {isa = PBXFileReference; fileEncoding = 4; lastKnownFileType = sourcecode.swift; path = HttpDNSBean.swift; sourceTree = "<group>"; };
		2072FE561D530D600003D623 /* UserController.swift */ = {isa = PBXFileReference; fileEncoding = 4; lastKnownFileType = sourcecode.swift; path = UserController.swift; sourceTree = "<group>"; };
		207867361D0FF39B00A8B058 /* CouponActivatedBean.swift */ = {isa = PBXFileReference; fileEncoding = 4; lastKnownFileType = sourcecode.swift; path = CouponActivatedBean.swift; sourceTree = "<group>"; };
		207867381D0FF42700A8B058 /* CouponBean.swift */ = {isa = PBXFileReference; fileEncoding = 4; lastKnownFileType = sourcecode.swift; path = CouponBean.swift; sourceTree = "<group>"; };
		2078673A1D0FFD1200A8B058 /* PayBean.swift */ = {isa = PBXFileReference; fileEncoding = 4; lastKnownFileType = sourcecode.swift; path = PayBean.swift; sourceTree = "<group>"; };
		2078673C1D0FFDA800A8B058 /* RequestPayBean.swift */ = {isa = PBXFileReference; fileEncoding = 4; lastKnownFileType = sourcecode.swift; path = RequestPayBean.swift; sourceTree = "<group>"; };
		2078673E1D0FFE1600A8B058 /* RequestDelShopCartBean.swift */ = {isa = PBXFileReference; fileEncoding = 4; lastKnownFileType = sourcecode.swift; path = RequestDelShopCartBean.swift; sourceTree = "<group>"; };
		207867401D0FFE6F00A8B058 /* RequestDelOrderBean.swift */ = {isa = PBXFileReference; fileEncoding = 4; lastKnownFileType = sourcecode.swift; path = RequestDelOrderBean.swift; sourceTree = "<group>"; };
		207867421D0FFECD00A8B058 /* RequestCouponBean.swift */ = {isa = PBXFileReference; fileEncoding = 4; lastKnownFileType = sourcecode.swift; path = RequestCouponBean.swift; sourceTree = "<group>"; };
		207867441D0FFF0800A8B058 /* RequestActivateCouponBean.swift */ = {isa = PBXFileReference; fileEncoding = 4; lastKnownFileType = sourcecode.swift; path = RequestActivateCouponBean.swift; sourceTree = "<group>"; };
		207D31AE1D4611EA0090B84D /* WeiYinDownSheet.swift */ = {isa = PBXFileReference; fileEncoding = 4; lastKnownFileType = sourcecode.swift; path = WeiYinDownSheet.swift; sourceTree = "<group>"; };
		207D31AF1D4611EA0090B84D /* WeiYinDownSheetCell.swift */ = {isa = PBXFileReference; fileEncoding = 4; lastKnownFileType = sourcecode.swift; path = WeiYinDownSheetCell.swift; sourceTree = "<group>"; };
		207D31B01D4611EA0090B84D /* WeiYinDownSheetModel.swift */ = {isa = PBXFileReference; fileEncoding = 4; lastKnownFileType = sourcecode.swift; path = WeiYinDownSheetModel.swift; sourceTree = "<group>"; };
		207D31B41D4613B70090B84D /* LineView.swift */ = {isa = PBXFileReference; fileEncoding = 4; lastKnownFileType = sourcecode.swift; path = LineView.swift; sourceTree = "<group>"; };
		20A1FCBF1D17DEE8006C939A /* BookWebView.swift */ = {isa = PBXFileReference; fileEncoding = 4; lastKnownFileType = sourcecode.swift; name = BookWebView.swift; path = WYSdk/view/webview/BookWebView.swift; sourceTree = SOURCE_ROOT; };
		20A1FCC01D17DEE8006C939A /* PublicWebViewController.swift */ = {isa = PBXFileReference; fileEncoding = 4; lastKnownFileType = sourcecode.swift; name = PublicWebViewController.swift; path = WYSdk/view/webview/PublicWebViewController.swift; sourceTree = SOURCE_ROOT; };
		20A1FCC11D17DEE8006C939A /* WYWebView.swift */ = {isa = PBXFileReference; fileEncoding = 4; lastKnownFileType = sourcecode.swift; name = WYWebView.swift; path = WYSdk/view/webview/WYWebView.swift; sourceTree = SOURCE_ROOT; };
		20A1FCC71D17E047006C939A /* BaseUIViewController.swift */ = {isa = PBXFileReference; fileEncoding = 4; lastKnownFileType = sourcecode.swift; path = BaseUIViewController.swift; sourceTree = "<group>"; };
		20A1FCCC1D17ECCB006C939A /* SelectDataCell.swift */ = {isa = PBXFileReference; fileEncoding = 4; lastKnownFileType = sourcecode.swift; path = SelectDataCell.swift; sourceTree = "<group>"; };
		20A1FCCD1D17ECCB006C939A /* SelectDataViewController.swift */ = {isa = PBXFileReference; fileEncoding = 4; lastKnownFileType = sourcecode.swift; path = SelectDataViewController.swift; sourceTree = "<group>"; };
		20A1FCD01D17ED47006C939A /* SelectSection.swift */ = {isa = PBXFileReference; fileEncoding = 4; lastKnownFileType = sourcecode.swift; path = SelectSection.swift; sourceTree = "<group>"; };
		20AEE51E1D42271F009683C8 /* icon_tip@2x.png */ = {isa = PBXFileReference; lastKnownFileType = image.png; path = "icon_tip@2x.png"; sourceTree = "<group>"; };
		20AEE51F1D42271F009683C8 /* icon_tip@3x.png */ = {isa = PBXFileReference; lastKnownFileType = image.png; path = "icon_tip@3x.png"; sourceTree = "<group>"; };
		20FDC6571D96600000B90435 /* AFError.swift */ = {isa = PBXFileReference; fileEncoding = 4; lastKnownFileType = sourcecode.swift; path = AFError.swift; sourceTree = "<group>"; };
		20FDC6581D96600000B90435 /* Alamofire.swift */ = {isa = PBXFileReference; fileEncoding = 4; lastKnownFileType = sourcecode.swift; path = Alamofire.swift; sourceTree = "<group>"; };
		20FDC6591D96600000B90435 /* DispatchQueue+Alamofire.swift */ = {isa = PBXFileReference; fileEncoding = 4; lastKnownFileType = sourcecode.swift; path = "DispatchQueue+Alamofire.swift"; sourceTree = "<group>"; };
		20FDC65A1D96600000B90435 /* MultipartFormData.swift */ = {isa = PBXFileReference; fileEncoding = 4; lastKnownFileType = sourcecode.swift; path = MultipartFormData.swift; sourceTree = "<group>"; };
		20FDC65B1D96600000B90435 /* NetworkReachabilityManager.swift */ = {isa = PBXFileReference; fileEncoding = 4; lastKnownFileType = sourcecode.swift; path = NetworkReachabilityManager.swift; sourceTree = "<group>"; };
		20FDC65C1D96600000B90435 /* Notifications.swift */ = {isa = PBXFileReference; fileEncoding = 4; lastKnownFileType = sourcecode.swift; path = Notifications.swift; sourceTree = "<group>"; };
		20FDC65D1D96600000B90435 /* ParameterEncoding.swift */ = {isa = PBXFileReference; fileEncoding = 4; lastKnownFileType = sourcecode.swift; path = ParameterEncoding.swift; sourceTree = "<group>"; };
		20FDC65E1D96600000B90435 /* Request.swift */ = {isa = PBXFileReference; fileEncoding = 4; lastKnownFileType = sourcecode.swift; path = Request.swift; sourceTree = "<group>"; };
		20FDC65F1D96600000B90435 /* Response.swift */ = {isa = PBXFileReference; fileEncoding = 4; lastKnownFileType = sourcecode.swift; path = Response.swift; sourceTree = "<group>"; };
		20FDC6601D96600000B90435 /* ResponseSerialization.swift */ = {isa = PBXFileReference; fileEncoding = 4; lastKnownFileType = sourcecode.swift; path = ResponseSerialization.swift; sourceTree = "<group>"; };
		20FDC6611D96600000B90435 /* Result.swift */ = {isa = PBXFileReference; fileEncoding = 4; lastKnownFileType = sourcecode.swift; path = Result.swift; sourceTree = "<group>"; };
		20FDC6621D96600000B90435 /* ServerTrustPolicy.swift */ = {isa = PBXFileReference; fileEncoding = 4; lastKnownFileType = sourcecode.swift; path = ServerTrustPolicy.swift; sourceTree = "<group>"; };
		20FDC6631D96600000B90435 /* SessionDelegate.swift */ = {isa = PBXFileReference; fileEncoding = 4; lastKnownFileType = sourcecode.swift; path = SessionDelegate.swift; sourceTree = "<group>"; };
		20FDC6641D96600000B90435 /* SessionManager.swift */ = {isa = PBXFileReference; fileEncoding = 4; lastKnownFileType = sourcecode.swift; path = SessionManager.swift; sourceTree = "<group>"; };
		20FDC6651D96600000B90435 /* TaskDelegate.swift */ = {isa = PBXFileReference; fileEncoding = 4; lastKnownFileType = sourcecode.swift; path = TaskDelegate.swift; sourceTree = "<group>"; };
		20FDC6661D96600000B90435 /* Timeline.swift */ = {isa = PBXFileReference; fileEncoding = 4; lastKnownFileType = sourcecode.swift; path = Timeline.swift; sourceTree = "<group>"; };
		20FDC6671D96600000B90435 /* Validation.swift */ = {isa = PBXFileReference; fileEncoding = 4; lastKnownFileType = sourcecode.swift; path = Validation.swift; sourceTree = "<group>"; };
		26F38CD056BA28F27B04D7B5 /* Pods-wysdkdemo.debug.xcconfig */ = {isa = PBXFileReference; includeInIndex = 1; lastKnownFileType = text.xcconfig; name = "Pods-wysdkdemo.debug.xcconfig"; path = "Pods/Target Support Files/Pods-wysdkdemo/Pods-wysdkdemo.debug.xcconfig"; sourceTree = "<group>"; };
		EAAC1DFFFE40730B72B82633 /* Pods.framework */ = {isa = PBXFileReference; explicitFileType = wrapper.framework; includeInIndex = 0; path = Pods.framework; sourceTree = BUILT_PRODUCTS_DIR; };
		EE09F1A39FC4B680FECC89F7 /* Pods-wysdkdemo.release.xcconfig */ = {isa = PBXFileReference; includeInIndex = 1; lastKnownFileType = text.xcconfig; name = "Pods-wysdkdemo.release.xcconfig"; path = "Pods/Target Support Files/Pods-wysdkdemo/Pods-wysdkdemo.release.xcconfig"; sourceTree = "<group>"; };
/* End PBXFileReference section */

/* Begin PBXFrameworksBuildPhase section */
		201CFA6C1CB4C1CA00F4DA6C /* Frameworks */ = {
			isa = PBXFrameworksBuildPhase;
			buildActionMask = 2147483647;
			files = (
				B61A82851BBB487123D3E61E /* Pods_wysdkdemo.framework in Frameworks */,
			);
			runOnlyForDeploymentPostprocessing = 0;
		};
/* End PBXFrameworksBuildPhase section */

/* Begin PBXGroup section */
		201CFA661CB4C1CA00F4DA6C = {
			isa = PBXGroup;
			children = (
				2047A3B91CB66E6D003CF8CD /* WYSdk */,
				201CFA711CB4C1CA00F4DA6C /* wysdkdemo */,
				201CFA701CB4C1CA00F4DA6C /* Products */,
				92D5B8C6B817F2FB9B8C2E04 /* Frameworks */,
				882DE86D039AAFC0E8720FF3 /* Pods */,
			);
			sourceTree = "<group>";
		};
		201CFA701CB4C1CA00F4DA6C /* Products */ = {
			isa = PBXGroup;
			children = (
				201CFA6F1CB4C1CA00F4DA6C /* wysdkdemo.app */,
			);
			name = Products;
			sourceTree = "<group>";
		};
		201CFA711CB4C1CA00F4DA6C /* wysdkdemo */ = {
			isa = PBXGroup;
			children = (
				201CFA791CB4C1CA00F4DA6C /* Assets.xcassets */,
				201CFA7E1CB4C1CA00F4DA6C /* Info.plist */,
				201CFA7B1CB4C1CA00F4DA6C /* LaunchScreen.storyboard */,
				201CFA721CB4C1CA00F4DA6C /* AppDelegate.swift */,
				2047A3B11CB66C71003CF8CD /* ViewController.swift */,
				205ECC761D13F8E400C89E35 /* wysdkdemo-Bridging-Header.h */,
			);
			path = wysdkdemo;
			sourceTree = "<group>";
		};
		2032E2D71D0E9B8A00BA75AB /* webview */ = {
			isa = PBXGroup;
			children = (
				20A1FCBF1D17DEE8006C939A /* BookWebView.swift */,
				20A1FCC01D17DEE8006C939A /* PublicWebViewController.swift */,
				20A1FCC11D17DEE8006C939A /* WYWebView.swift */,
			);
			name = webview;
			path = ../webview;
			sourceTree = "<group>";
		};
		2047A3B91CB66E6D003CF8CD /* WYSdk */ = {
			isa = PBXGroup;
			children = (
				2047A3D81CB66E6D003CF8CD /* WYSdk.swift */,
				206446511D260FE10080A45D /* basesdk */,
				206763421D20F4790070CA02 /* SupportLib7 */,
				206D1D861D18E227003E85B2 /* res */,
				2047A3BC1CB66E6D003CF8CD /* http */,
				2047A3C21CB66E6D003CF8CD /* model */,
				2047A3D21CB66E6D003CF8CD /* util */,
				20A1FCBE1D17DC98006C939A /* view */,
			);
			path = WYSdk;
			sourceTree = "<group>";
		};
		2047A3BC1CB66E6D003CF8CD /* http */ = {
			isa = PBXGroup;
			children = (
				2047A3BD1CB66E6D003CF8CD /* BaseProtocol.swift */,
				2047A3BE1CB66E6D003CF8CD /* HttpConstant.swift */,
				2047A3BF1CB66E6D003CF8CD /* WYProtocol.swift */,
			);
			path = http;
			sourceTree = "<group>";
		};
		2047A3C21CB66E6D003CF8CD /* model */ = {
			isa = PBXGroup;
			children = (
				2047A3C31CB66E6D003CF8CD /* BaseRequestBean.swift */,
				2047A3C41CB66E6D003CF8CD /* BaseResultBean.swift */,
				2047A3C51CB66E6D003CF8CD /* request */,
				2047A3CD1CB66E6D003CF8CD /* result */,
			);
			path = model;
			sourceTree = "<group>";
		};
		2047A3C51CB66E6D003CF8CD /* request */ = {
			isa = PBXGroup;
			children = (
				2047A3C61CB66E6D003CF8CD /* order */,
				2047A3CB1CB66E6D003CF8CD /* RequestStructDataBean.swift */,
				2047A3CC1CB66E6D003CF8CD /* RequestUserInfoBean.swift */,
			);
			path = request;
			sourceTree = "<group>";
		};
		2047A3C61CB66E6D003CF8CD /* order */ = {
			isa = PBXGroup;
			children = (
				207867441D0FFF0800A8B058 /* RequestActivateCouponBean.swift */,
				2047A3C71CB66E6D003CF8CD /* RequestAddShopCartBean.swift */,
				2047A3C81CB66E6D003CF8CD /* RequestCreateOrderBean.swift */,
				207867421D0FFECD00A8B058 /* RequestCouponBean.swift */,
				207867401D0FFE6F00A8B058 /* RequestDelOrderBean.swift */,
				2078673E1D0FFE1600A8B058 /* RequestDelShopCartBean.swift */,
				2047A3C91CB66E6D003CF8CD /* RequestOrderListBean.swift */,
				2078673C1D0FFDA800A8B058 /* RequestPayBean.swift */,
				2047A3CA1CB66E6D003CF8CD /* RequestShopCartListBean.swift */,
			);
			path = order;
			sourceTree = "<group>";
		};
		2047A3CD1CB66E6D003CF8CD /* result */ = {
			isa = PBXGroup;
			children = (
				207867361D0FF39B00A8B058 /* CouponActivatedBean.swift */,
				207867381D0FF42700A8B058 /* CouponBean.swift */,
				2072FE541D530CD20003D623 /* HttpDNSBean.swift */,
				2047A3CE1CB66E6D003CF8CD /* OrderConfigBean.swift */,
				2047A3CF1CB66E6D003CF8CD /* OrderListBean.swift */,
				2078673A1D0FFD1200A8B058 /* PayBean.swift */,
				205FB3231D0E914E0073912E /* PrintBean.swift */,
				2047A3D01CB66E6D003CF8CD /* ShopCartListBean.swift */,
				2047A3D11CB66E6D003CF8CD /* UserInfoBean.swift */,
			);
			path = result;
			sourceTree = "<group>";
		};
		2047A3D21CB66E6D003CF8CD /* util */ = {
			isa = PBXGroup;
			children = (
				2032E2DC1D0EB11F00BA75AB /* UIUtils.swift */,
				2053671C1CC0BB970010563B /* String+king.swift */,
				2047A3D31CB66E6D003CF8CD /* JsonUtils.swift */,
				2047A3D51CB66E6D003CF8CD /* ThreadUtils.swift */,
				2047A3D61CB66E6D003CF8CD /* TimeUtils.swift */,
				205ECC771D13F9CB00C89E35 /* DialogUtils.swift */,
				200727A81D9A3C32003C4B67 /* SpUtils.swift */,
			);
			path = util;
			sourceTree = "<group>";
		};
		206446511D260FE10080A45D /* basesdk */ = {
			isa = PBXGroup;
			children = (
				206446521D260FE10080A45D /* BaseSdk.swift */,
				206446531D260FE10080A45D /* Controller.swift */,
				206446541D260FE10080A45D /* ListenerDelegate.swift */,
				206446551D260FE10080A45D /* OrderController.swift */,
				2072FE561D530D600003D623 /* UserController.swift */,
			);
			path = basesdk;
			sourceTree = "<group>";
		};
		206763421D20F4790070CA02 /* SupportLib7 */ = {
			isa = PBXGroup;
			children = (
				20FDC6561D96600000B90435 /* Alamofire */,
				2067639E1D20F4790070CA02 /* SwiftyJSON.swift */,
				2067639F1D20F4790070CA02 /* SwiftyUserDefaults.swift */,
			);
			path = SupportLib7;
			sourceTree = "<group>";
		};
		206D1D861D18E227003E85B2 /* res */ = {
			isa = PBXGroup;
			children = (
				201D8F9A1D4F526100071C26 /* icon_cancel@2x.png */,
				201D8F9B1D4F526100071C26 /* icon_cancel@3x.png */,
				201D8F941D4F3EAF00071C26 /* icon_show_text@2x.png */,
				201D8F951D4F3EAF00071C26 /* icon_show_text@3x.png */,
				20AEE51E1D42271F009683C8 /* icon_tip@2x.png */,
				20AEE51F1D42271F009683C8 /* icon_tip@3x.png */,
				206D1D871D18E227003E85B2 /* icon_check_white@2x.png */,
				206D1D881D18E227003E85B2 /* icon_check_white@3x.png */,
			);
			path = res;
			sourceTree = "<group>";
		};
		207D31AD1D4611EA0090B84D /* DownSheet */ = {
			isa = PBXGroup;
			children = (
				207D31B41D4613B70090B84D /* LineView.swift */,
				207D31AE1D4611EA0090B84D /* WeiYinDownSheet.swift */,
				207D31AF1D4611EA0090B84D /* WeiYinDownSheetCell.swift */,
				207D31B01D4611EA0090B84D /* WeiYinDownSheetModel.swift */,
			);
			path = DownSheet;
			sourceTree = "<group>";
		};
		20A1FCBE1D17DC98006C939A /* view */ = {
			isa = PBXGroup;
			children = (
				20A1FCC71D17E047006C939A /* BaseUIViewController.swift */,
				206131881D1A455C00A1EFE7 /* LoadingView.swift */,
				2061318A1D1A7FB700A1EFE7 /* EditTextViewController.swift */,
				207D31AD1D4611EA0090B84D /* DownSheet */,
				20A1FCCB1D17ECCB006C939A /* selectdata */,
				2032E2D71D0E9B8A00BA75AB /* webview */,
			);
			path = view;
			sourceTree = "<group>";
		};
		20A1FCCB1D17ECCB006C939A /* selectdata */ = {
			isa = PBXGroup;
			children = (
				201D8F981D4F427600071C26 /* SelectFoot.swift */,
				20A1FCCC1D17ECCB006C939A /* SelectDataCell.swift */,
				20A1FCD01D17ED47006C939A /* SelectSection.swift */,
				20A1FCCD1D17ECCB006C939A /* SelectDataViewController.swift */,
			);
			path = selectdata;
			sourceTree = "<group>";
		};
		20FDC6561D96600000B90435 /* Alamofire */ = {
			isa = PBXGroup;
			children = (
				20FDC6571D96600000B90435 /* AFError.swift */,
				20FDC6581D96600000B90435 /* Alamofire.swift */,
				20FDC6591D96600000B90435 /* DispatchQueue+Alamofire.swift */,
				20FDC65A1D96600000B90435 /* MultipartFormData.swift */,
				20FDC65B1D96600000B90435 /* NetworkReachabilityManager.swift */,
				20FDC65C1D96600000B90435 /* Notifications.swift */,
				20FDC65D1D96600000B90435 /* ParameterEncoding.swift */,
				20FDC65E1D96600000B90435 /* Request.swift */,
				20FDC65F1D96600000B90435 /* Response.swift */,
				20FDC6601D96600000B90435 /* ResponseSerialization.swift */,
				20FDC6611D96600000B90435 /* Result.swift */,
				20FDC6621D96600000B90435 /* ServerTrustPolicy.swift */,
				20FDC6631D96600000B90435 /* SessionDelegate.swift */,
				20FDC6641D96600000B90435 /* SessionManager.swift */,
				20FDC6651D96600000B90435 /* TaskDelegate.swift */,
				20FDC6661D96600000B90435 /* Timeline.swift */,
				20FDC6671D96600000B90435 /* Validation.swift */,
			);
			path = Alamofire;
			sourceTree = "<group>";
		};
		882DE86D039AAFC0E8720FF3 /* Pods */ = {
			isa = PBXGroup;
			children = (
				26F38CD056BA28F27B04D7B5 /* Pods-wysdkdemo.debug.xcconfig */,
				EE09F1A39FC4B680FECC89F7 /* Pods-wysdkdemo.release.xcconfig */,
			);
			name = Pods;
			sourceTree = "<group>";
		};
		92D5B8C6B817F2FB9B8C2E04 /* Frameworks */ = {
			isa = PBXGroup;
			children = (
				EAAC1DFFFE40730B72B82633 /* Pods.framework */,
				05A08434A290A656D13BFDCB /* Pods_wysdkdemo.framework */,
			);
			name = Frameworks;
			sourceTree = "<group>";
		};
/* End PBXGroup section */

/* Begin PBXNativeTarget section */
		201CFA6E1CB4C1CA00F4DA6C /* wysdkdemo */ = {
			isa = PBXNativeTarget;
			buildConfigurationList = 201CFA811CB4C1CA00F4DA6C /* Build configuration list for PBXNativeTarget "wysdkdemo" */;
			buildPhases = (
				9C17545C422A9F8A2D7991D4 /* [CP] Check Pods Manifest.lock */,
				201CFA6B1CB4C1CA00F4DA6C /* Sources */,
				201CFA6C1CB4C1CA00F4DA6C /* Frameworks */,
				201CFA6D1CB4C1CA00F4DA6C /* Resources */,
				9DCA2980742CF4CCFD71ED2E /* [CP] Embed Pods Frameworks */,
				B5380687E38653C2C1C71D50 /* [CP] Copy Pods Resources */,
			);
			buildRules = (
			);
			dependencies = (
			);
			name = wysdkdemo;
			productName = wysdkdemo;
			productReference = 201CFA6F1CB4C1CA00F4DA6C /* wysdkdemo.app */;
			productType = "com.apple.product-type.application";
		};
/* End PBXNativeTarget section */

/* Begin PBXProject section */
		201CFA671CB4C1CA00F4DA6C /* Project object */ = {
			isa = PBXProject;
			attributes = {
				LastSwiftUpdateCheck = 0730;
				LastUpgradeCheck = 0730;
				ORGANIZATIONNAME = weiyin;
				TargetAttributes = {
					201CFA6E1CB4C1CA00F4DA6C = {
						CreatedOnToolsVersion = 7.3;
						DevelopmentTeam = LRQUCV6AHZ;
						LastSwiftMigration = 0800;
					};
				};
			};
			buildConfigurationList = 201CFA6A1CB4C1CA00F4DA6C /* Build configuration list for PBXProject "wysdkdemo" */;
			compatibilityVersion = "Xcode 3.2";
			developmentRegion = English;
			hasScannedForEncodings = 0;
			knownRegions = (
				en,
				Base,
			);
			mainGroup = 201CFA661CB4C1CA00F4DA6C;
			productRefGroup = 201CFA701CB4C1CA00F4DA6C /* Products */;
			projectDirPath = "";
			projectRoot = "";
			targets = (
				201CFA6E1CB4C1CA00F4DA6C /* wysdkdemo */,
			);
		};
/* End PBXProject section */

/* Begin PBXResourcesBuildPhase section */
		201CFA6D1CB4C1CA00F4DA6C /* Resources */ = {
			isa = PBXResourcesBuildPhase;
			buildActionMask = 2147483647;
			files = (
				201D8F971D4F3EAF00071C26 /* icon_show_text@3x.png in Resources */,
				206D1D8A1D18E227003E85B2 /* icon_check_white@3x.png in Resources */,
				201CFA7D1CB4C1CA00F4DA6C /* LaunchScreen.storyboard in Resources */,
				201D8F961D4F3EAF00071C26 /* icon_show_text@2x.png in Resources */,
				20AEE5211D42271F009683C8 /* icon_tip@3x.png in Resources */,
				201D8F9C1D4F526100071C26 /* icon_cancel@2x.png in Resources */,
				206D1D891D18E227003E85B2 /* icon_check_white@2x.png in Resources */,
				20AEE5201D42271F009683C8 /* icon_tip@2x.png in Resources */,
				201D8F9D1D4F526100071C26 /* icon_cancel@3x.png in Resources */,
				201CFA7A1CB4C1CA00F4DA6C /* Assets.xcassets in Resources */,
			);
			runOnlyForDeploymentPostprocessing = 0;
		};
/* End PBXResourcesBuildPhase section */

/* Begin PBXShellScriptBuildPhase section */
		9C17545C422A9F8A2D7991D4 /* [CP] Check Pods Manifest.lock */ = {
			isa = PBXShellScriptBuildPhase;
			buildActionMask = 2147483647;
			files = (
			);
			inputPaths = (
			);
			name = "[CP] Check Pods Manifest.lock";
			outputPaths = (
			);
			runOnlyForDeploymentPostprocessing = 0;
			shellPath = /bin/sh;
			shellScript = "diff \"${PODS_ROOT}/../Podfile.lock\" \"${PODS_ROOT}/Manifest.lock\" > /dev/null\nif [[ $? != 0 ]] ; then\n    cat << EOM\nerror: The sandbox is not in sync with the Podfile.lock. Run 'pod install' or update your CocoaPods installation.\nEOM\n    exit 1\nfi\n";
			showEnvVarsInLog = 0;
		};
		9DCA2980742CF4CCFD71ED2E /* [CP] Embed Pods Frameworks */ = {
			isa = PBXShellScriptBuildPhase;
			buildActionMask = 2147483647;
			files = (
			);
			inputPaths = (
			);
			name = "[CP] Embed Pods Frameworks";
			outputPaths = (
			);
			runOnlyForDeploymentPostprocessing = 0;
			shellPath = /bin/sh;
			shellScript = "\"${SRCROOT}/Pods/Target Support Files/Pods-wysdkdemo/Pods-wysdkdemo-frameworks.sh\"\n";
			showEnvVarsInLog = 0;
		};
		B5380687E38653C2C1C71D50 /* [CP] Copy Pods Resources */ = {
			isa = PBXShellScriptBuildPhase;
			buildActionMask = 2147483647;
			files = (
			);
			inputPaths = (
			);
			name = "[CP] Copy Pods Resources";
			outputPaths = (
			);
			runOnlyForDeploymentPostprocessing = 0;
			shellPath = /bin/sh;
			shellScript = "\"${SRCROOT}/Pods/Target Support Files/Pods-wysdkdemo/Pods-wysdkdemo-resources.sh\"\n";
			showEnvVarsInLog = 0;
		};
/* End PBXShellScriptBuildPhase section */

/* Begin PBXSourcesBuildPhase section */
		201CFA6B1CB4C1CA00F4DA6C /* Sources */ = {
			isa = PBXSourcesBuildPhase;
			buildActionMask = 2147483647;
			files = (
				2032E2DD1D0EB11F00BA75AB /* UIUtils.swift in Sources */,
				206763F51D20F4790070CA02 /* SwiftyJSON.swift in Sources */,
				2047A3E21CB66E6D003CF8CD /* RequestAddShopCartBean.swift in Sources */,
				207D31B11D4611EA0090B84D /* WeiYinDownSheet.swift in Sources */,
				20A1FCD11D17ED47006C939A /* SelectSection.swift in Sources */,
				20FDC6761D96600000B90435 /* TaskDelegate.swift in Sources */,
				20A1FCC41D17DEE8006C939A /* WYWebView.swift in Sources */,
				2047A3B21CB66C71003CF8CD /* ViewController.swift in Sources */,
				2053671D1CC0BB970010563B /* String+king.swift in Sources */,
				205ECC781D13F9CB00C89E35 /* DialogUtils.swift in Sources */,
				206131891D1A455C00A1EFE7 /* LoadingView.swift in Sources */,
				20FDC66C1D96600000B90435 /* NetworkReachabilityManager.swift in Sources */,
				20FDC6741D96600000B90435 /* SessionDelegate.swift in Sources */,
				2047A3E31CB66E6D003CF8CD /* RequestCreateOrderBean.swift in Sources */,
				2047A3E41CB66E6D003CF8CD /* RequestOrderListBean.swift in Sources */,
				201CFA731CB4C1CA00F4DA6C /* AppDelegate.swift in Sources */,
				20A1FCC21D17DEE8006C939A /* BookWebView.swift in Sources */,
				207D31B21D4611EA0090B84D /* WeiYinDownSheetCell.swift in Sources */,
				206446581D260FE10080A45D /* ListenerDelegate.swift in Sources */,
				2047A3DD1CB66E6D003CF8CD /* WYProtocol.swift in Sources */,
				201D8F991D4F427600071C26 /* SelectFoot.swift in Sources */,
				2047A3EA1CB66E6D003CF8CD /* ShopCartListBean.swift in Sources */,
				20FDC6781D96600000B90435 /* Validation.swift in Sources */,
				207867451D0FFF0800A8B058 /* RequestActivateCouponBean.swift in Sources */,
				207867411D0FFE6F00A8B058 /* RequestDelOrderBean.swift in Sources */,
				2072FE551D530CD20003D623 /* HttpDNSBean.swift in Sources */,
				2047A3EE1CB66E6D003CF8CD /* TimeUtils.swift in Sources */,
				20A1FCCE1D17ECCB006C939A /* SelectDataCell.swift in Sources */,
				20FDC66F1D96600000B90435 /* Request.swift in Sources */,
				20FDC66A1D96600000B90435 /* DispatchQueue+Alamofire.swift in Sources */,
				206446591D260FE10080A45D /* OrderController.swift in Sources */,
				2047A3EC1CB66E6D003CF8CD /* JsonUtils.swift in Sources */,
				2061318B1D1A7FB700A1EFE7 /* EditTextViewController.swift in Sources */,
				20FDC6691D96600000B90435 /* Alamofire.swift in Sources */,
				207867371D0FF39B00A8B058 /* CouponActivatedBean.swift in Sources */,
				2047A3E61CB66E6D003CF8CD /* RequestStructDataBean.swift in Sources */,
				2047A3E81CB66E6D003CF8CD /* OrderConfigBean.swift in Sources */,
				2078673D1D0FFDA800A8B058 /* RequestPayBean.swift in Sources */,
				2047A3DB1CB66E6D003CF8CD /* BaseProtocol.swift in Sources */,
				2078673F1D0FFE1600A8B058 /* RequestDelShopCartBean.swift in Sources */,
				2047A3E11CB66E6D003CF8CD /* BaseResultBean.swift in Sources */,
				207867391D0FF42700A8B058 /* CouponBean.swift in Sources */,
				2047A3EF1CB66E6D003CF8CD /* WYSdk.swift in Sources */,
				2072FE571D530D600003D623 /* UserController.swift in Sources */,
				2047A3EB1CB66E6D003CF8CD /* UserInfoBean.swift in Sources */,
				205FB3241D0E914E0073912E /* PrintBean.swift in Sources */,
				206446561D260FE10080A45D /* BaseSdk.swift in Sources */,
				20FDC6731D96600000B90435 /* ServerTrustPolicy.swift in Sources */,
				2047A3DC1CB66E6D003CF8CD /* HttpConstant.swift in Sources */,
				20FDC6751D96600000B90435 /* SessionManager.swift in Sources */,
				20A1FCC31D17DEE8006C939A /* PublicWebViewController.swift in Sources */,
				207867431D0FFECD00A8B058 /* RequestCouponBean.swift in Sources */,
				2047A3E91CB66E6D003CF8CD /* OrderListBean.swift in Sources */,
				20A1FCCF1D17ECCB006C939A /* SelectDataViewController.swift in Sources */,
				207D31B51D4613B70090B84D /* LineView.swift in Sources */,
				2047A3E01CB66E6D003CF8CD /* BaseRequestBean.swift in Sources */,
				2047A3E71CB66E6D003CF8CD /* RequestUserInfoBean.swift in Sources */,
				20FDC66D1D96600000B90435 /* Notifications.swift in Sources */,
				2047A3E51CB66E6D003CF8CD /* RequestShopCartListBean.swift in Sources */,
				20FDC6721D96600000B90435 /* Result.swift in Sources */,
				20FDC6681D96600000B90435 /* AFError.swift in Sources */,
				20FDC66B1D96600000B90435 /* MultipartFormData.swift in Sources */,
				20FDC6701D96600000B90435 /* Response.swift in Sources */,
				207D31B31D4611EA0090B84D /* WeiYinDownSheetModel.swift in Sources */,
				20A1FCC81D17E047006C939A /* BaseUIViewController.swift in Sources */,
				206446571D260FE10080A45D /* Controller.swift in Sources */,
				20FDC66E1D96600000B90435 /* ParameterEncoding.swift in Sources */,
				2047A3ED1CB66E6D003CF8CD /* ThreadUtils.swift in Sources */,
				200727A91D9A3C33003C4B67 /* SpUtils.swift in Sources */,
				2078673B1D0FFD1200A8B058 /* PayBean.swift in Sources */,
				20FDC6711D96600000B90435 /* ResponseSerialization.swift in Sources */,
				20FDC6771D96600000B90435 /* Timeline.swift in Sources */,
				206763F61D20F4790070CA02 /* SwiftyUserDefaults.swift in Sources */,
			);
			runOnlyForDeploymentPostprocessing = 0;
		};
/* End PBXSourcesBuildPhase section */

/* Begin PBXVariantGroup section */
		201CFA7B1CB4C1CA00F4DA6C /* LaunchScreen.storyboard */ = {
			isa = PBXVariantGroup;
			children = (
				201CFA7C1CB4C1CA00F4DA6C /* Base */,
			);
			name = LaunchScreen.storyboard;
			sourceTree = "<group>";
		};
/* End PBXVariantGroup section */

/* Begin XCBuildConfiguration section */
		201CFA7F1CB4C1CA00F4DA6C /* Debug */ = {
			isa = XCBuildConfiguration;
			buildSettings = {
				ALWAYS_SEARCH_USER_PATHS = NO;
				CLANG_ANALYZER_NONNULL = YES;
				CLANG_CXX_LANGUAGE_STANDARD = "gnu++0x";
				CLANG_CXX_LIBRARY = "libc++";
				CLANG_ENABLE_MODULES = YES;
				CLANG_ENABLE_OBJC_ARC = YES;
				CLANG_WARN_BOOL_CONVERSION = YES;
				CLANG_WARN_CONSTANT_CONVERSION = YES;
				CLANG_WARN_DIRECT_OBJC_ISA_USAGE = YES_ERROR;
				CLANG_WARN_EMPTY_BODY = YES;
				CLANG_WARN_ENUM_CONVERSION = YES;
				CLANG_WARN_INT_CONVERSION = YES;
				CLANG_WARN_OBJC_ROOT_CLASS = YES_ERROR;
				CLANG_WARN_UNREACHABLE_CODE = YES;
				CLANG_WARN__DUPLICATE_METHOD_MATCH = YES;
				"CODE_SIGN_IDENTITY[sdk=iphoneos*]" = "iPhone Developer";
				COPY_PHASE_STRIP = NO;
				DEBUG_INFORMATION_FORMAT = dwarf;
				ENABLE_STRICT_OBJC_MSGSEND = YES;
				ENABLE_TESTABILITY = YES;
				GCC_C_LANGUAGE_STANDARD = gnu99;
				GCC_DYNAMIC_NO_PIC = NO;
				GCC_NO_COMMON_BLOCKS = YES;
				GCC_OPTIMIZATION_LEVEL = 0;
				GCC_PREPROCESSOR_DEFINITIONS = (
					"DEBUG=1",
					"$(inherited)",
				);
				GCC_WARN_64_TO_32_BIT_CONVERSION = YES;
				GCC_WARN_ABOUT_RETURN_TYPE = YES_ERROR;
				GCC_WARN_UNDECLARED_SELECTOR = YES;
				GCC_WARN_UNINITIALIZED_AUTOS = YES_AGGRESSIVE;
				GCC_WARN_UNUSED_FUNCTION = YES;
				GCC_WARN_UNUSED_VARIABLE = YES;
				IPHONEOS_DEPLOYMENT_TARGET = 10.0;
				MTL_ENABLE_DEBUG_INFO = YES;
				ONLY_ACTIVE_ARCH = YES;
				SDKROOT = iphoneos;
				SWIFT_OPTIMIZATION_LEVEL = "-Onone";
			};
			name = Debug;
		};
		201CFA801CB4C1CA00F4DA6C /* Release */ = {
			isa = XCBuildConfiguration;
			buildSettings = {
				ALWAYS_SEARCH_USER_PATHS = NO;
				CLANG_ANALYZER_NONNULL = YES;
				CLANG_CXX_LANGUAGE_STANDARD = "gnu++0x";
				CLANG_CXX_LIBRARY = "libc++";
				CLANG_ENABLE_MODULES = YES;
				CLANG_ENABLE_OBJC_ARC = YES;
				CLANG_WARN_BOOL_CONVERSION = YES;
				CLANG_WARN_CONSTANT_CONVERSION = YES;
				CLANG_WARN_DIRECT_OBJC_ISA_USAGE = YES_ERROR;
				CLANG_WARN_EMPTY_BODY = YES;
				CLANG_WARN_ENUM_CONVERSION = YES;
				CLANG_WARN_INT_CONVERSION = YES;
				CLANG_WARN_OBJC_ROOT_CLASS = YES_ERROR;
				CLANG_WARN_UNREACHABLE_CODE = YES;
				CLANG_WARN__DUPLICATE_METHOD_MATCH = YES;
				"CODE_SIGN_IDENTITY[sdk=iphoneos*]" = "iPhone Developer";
				COPY_PHASE_STRIP = NO;
				DEBUG_INFORMATION_FORMAT = "dwarf-with-dsym";
				ENABLE_NS_ASSERTIONS = NO;
				ENABLE_STRICT_OBJC_MSGSEND = YES;
				GCC_C_LANGUAGE_STANDARD = gnu99;
				GCC_NO_COMMON_BLOCKS = YES;
				GCC_WARN_64_TO_32_BIT_CONVERSION = YES;
				GCC_WARN_ABOUT_RETURN_TYPE = YES_ERROR;
				GCC_WARN_UNDECLARED_SELECTOR = YES;
				GCC_WARN_UNINITIALIZED_AUTOS = YES_AGGRESSIVE;
				GCC_WARN_UNUSED_FUNCTION = YES;
				GCC_WARN_UNUSED_VARIABLE = YES;
				IPHONEOS_DEPLOYMENT_TARGET = 10.0;
				MTL_ENABLE_DEBUG_INFO = NO;
				SDKROOT = iphoneos;
				VALIDATE_PRODUCT = YES;
			};
			name = Release;
		};
		201CFA821CB4C1CA00F4DA6C /* Debug */ = {
			isa = XCBuildConfiguration;
			baseConfigurationReference = 26F38CD056BA28F27B04D7B5 /* Pods-wysdkdemo.debug.xcconfig */;
			buildSettings = {
				ASSETCATALOG_COMPILER_APPICON_NAME = AppIcon;
				CODE_SIGN_IDENTITY = "iPhone Developer";
				DEVELOPMENT_TEAM = LRQUCV6AHZ;
				ENABLE_BITCODE = NO;
				FRAMEWORK_SEARCH_PATHS = (
					"$(inherited)",
					"$(PROJECT_DIR)",
				);
				INFOPLIST_FILE = wysdkdemo/Info.plist;
				IPHONEOS_DEPLOYMENT_TARGET = 8.0;
				LD_RUNPATH_SEARCH_PATHS = "$(inherited) @executable_path/Frameworks";
				PRODUCT_BUNDLE_IDENTIFIER = cc.weiyin.wysdkdemo;
				PRODUCT_NAME = "$(TARGET_NAME)";
				SWIFT_OBJC_BRIDGING_HEADER = "wysdkdemo/wysdkdemo-Bridging-Header.h";
				SWIFT_VERSION = 3.0;
			};
			name = Debug;
		};
		201CFA831CB4C1CA00F4DA6C /* Release */ = {
			isa = XCBuildConfiguration;
			baseConfigurationReference = EE09F1A39FC4B680FECC89F7 /* Pods-wysdkdemo.release.xcconfig */;
			buildSettings = {
				ASSETCATALOG_COMPILER_APPICON_NAME = AppIcon;
				CODE_SIGN_IDENTITY = "iPhone Developer";
				DEVELOPMENT_TEAM = LRQUCV6AHZ;
				ENABLE_BITCODE = NO;
				FRAMEWORK_SEARCH_PATHS = (
					"$(inherited)",
					"$(PROJECT_DIR)",
				);
				INFOPLIST_FILE = wysdkdemo/Info.plist;
				IPHONEOS_DEPLOYMENT_TARGET = 8.0;
				LD_RUNPATH_SEARCH_PATHS = "$(inherited) @executable_path/Frameworks";
				PRODUCT_BUNDLE_IDENTIFIER = cc.weiyin.wysdkdemo;
				PRODUCT_NAME = "$(TARGET_NAME)";
				SWIFT_OBJC_BRIDGING_HEADER = "wysdkdemo/wysdkdemo-Bridging-Header.h";
				SWIFT_VERSION = 3.0;
			};
			name = Release;
		};
/* End XCBuildConfiguration section */

/* Begin XCConfigurationList section */
		201CFA6A1CB4C1CA00F4DA6C /* Build configuration list for PBXProject "wysdkdemo" */ = {
			isa = XCConfigurationList;
			buildConfigurations = (
				201CFA7F1CB4C1CA00F4DA6C /* Debug */,
				201CFA801CB4C1CA00F4DA6C /* Release */,
			);
			defaultConfigurationIsVisible = 0;
			defaultConfigurationName = Release;
		};
		201CFA811CB4C1CA00F4DA6C /* Build configuration list for PBXNativeTarget "wysdkdemo" */ = {
			isa = XCConfigurationList;
			buildConfigurations = (
				201CFA821CB4C1CA00F4DA6C /* Debug */,
				201CFA831CB4C1CA00F4DA6C /* Release */,
			);
			defaultConfigurationIsVisible = 0;
			defaultConfigurationName = Release;
		};
/* End XCConfigurationList section */
	};
	rootObject = 201CFA671CB4C1CA00F4DA6C /* Project object */;
}
